
Microsoft Visual Studio Solution File, Format Version 12.00
# Visual Studio Version 17
VisualStudioVersion = 17.5.33516.290
MinimumVisualStudioVersion = 10.0.40219.1
Project("{FAE04EC0-301F-11D3-BF4B-00C04F79EFBC}") = "LinkShortner", "LinkShortner\LinkShortner.csproj", "{306BF0EB-F11C-45E7-AEAE-136839CD3C60}"
EndProject
Global
	GlobalSection(SolutionConfigurationPlatforms) = preSolution
		Debug|Any CPU = Debug|Any CPU
		Release|Any CPU = Release|Any CPU
	EndGlobalSection
	GlobalSection(ProjectConfigurationPlatforms) = postSolution
		{306BF0EB-F11C-45E7-AEAE-136839CD3C60}.Debug|Any CPU.ActiveCfg = Debug|Any CPU
		{306BF0EB-F11C-45E7-AEAE-136839CD3C60}.Debug|Any CPU.Build.0 = Debug|Any CPU
		{306BF0EB-F11C-45E7-AEAE-136839CD3C60}.Release|Any CPU.ActiveCfg = Release|Any CPU
		{306BF0EB-F11C-45E7-AEAE-136839CD3C60}.Release|Any CPU.Build.0 = Release|Any CPU
	EndGlobalSection
	GlobalSection(SolutionProperties) = preSolution
		HideSolutionNode = FALSE
	EndGlobalSection
	GlobalSection(ExtensibilityGlobals) = postSolution
		SolutionGuid = {C40B8C9D-F0E0-4D44-986B-2482AC56088F}
	EndGlobalSection
EndGlobal
